Microsoft Visual Studio Solution File, Format Version 12.00
# Visual Studio Version 17
VisualStudioVersion = 17.5.2.0
MinimumVisualStudioVersion = 10.0.40219.1
Project("{FAE04EC0-301F-11D3-BF4B-00C04F79EFBC}") = "SkaneTrafik.Api", "SkaneTrafik.Api\SkaneTrafik.Api.csproj", "{86B935C0-0224-F341-9A99-E4358D0769CE}"
EndProject
Global
	GlobalSection(SolutionConfigurationPlatforms) = preSolution
		Debug|Any CPU = Debug|Any CPU
		Release|Any CPU = Release|Any CPU
	EndGlobalSection
	GlobalSection(ProjectConfigurationPlatforms) = postSolution
		{86B935C0-0224-F341-9A99-E4358D0769CE}.Debug|Any CPU.ActiveCfg = Debug|Any CPU
		{86B935C0-0224-F341-9A99-E4358D0769CE}.Debug|Any CPU.Build.0 = Debug|Any CPU
		{86B935C0-0224-F341-9A99-E4358D0769CE}.Release|Any CPU.ActiveCfg = Release|Any CPU
		{86B935C0-0224-F341-9A99-E4358D0769CE}.Release|Any CPU.Build.0 = Release|Any CPU
	EndGlobalSection
	GlobalSection(SolutionProperties) = preSolution
		HideSolutionNode = FALSE
	EndGlobalSection
	GlobalSection(ExtensibilityGlobals) = postSolution
		SolutionGuid = {F7F6987B-DA48-4BEF-8751-D4FFCCD45E24}
	EndGlobalSection
EndGlobal
